
Microsoft Visual Studio Solution File, Format Version 12.00
# Visual Studio Version 17
VisualStudioVersion = 17.5.002.0
MinimumVisualStudioVersion = 10.0.40219.1
Project("{9A19103F-16F7-4668-BE54-9A1E7A4F7556}") = "AzureCloud", "AzureCloud.csproj", "{9AA11A16-426B-4A3E-8BAE-62BB1713C209}"
EndProject
Global
	GlobalSection(SolutionConfigurationPlatforms) = preSolution
		Debug|Any CPU = Debug|Any CPU
		Release|Any CPU = Release|Any CPU
	EndGlobalSection
	GlobalSection(ProjectConfigurationPlatforms) = postSolution
		{9AA11A16-426B-4A3E-8BAE-62BB1713C209}.Debug|Any CPU.ActiveCfg = Debug|Any CPU
		{9AA11A16-426B-4A3E-8BAE-62BB1713C209}.Debug|Any CPU.Build.0 = Debug|Any CPU
		{9AA11A16-426B-4A3E-8BAE-62BB1713C209}.Release|Any CPU.ActiveCfg = Release|Any CPU
		{9AA11A16-426B-4A3E-8BAE-62BB1713C209}.Release|Any CPU.Build.0 = Release|Any CPU
	EndGlobalSection
	GlobalSection(SolutionProperties) = preSolution
		HideSolutionNode = FALSE
	EndGlobalSection
	GlobalSection(ExtensibilityGlobals) = postSolution
		SolutionGuid = {5BF42BD3-04FE-40C1-926A-CC432325A1B1}
	EndGlobalSection
EndGlobal
